
Microsoft Visual Studio Solution File, Format Version 12.00
# Visual Studio 15
VisualStudioVersion = 15.0.27703.2026
MinimumVisualStudioVersion = 10.0.40219.1
Project("{FAE04EC0-301F-11D3-BF4B-00C04F79EFBC}") = "PanoramaUITools", "Source\PanoramaUITools\PanoramaUITools.csproj", "{8AE35176-5CE9-4A88-A5CB-D0BECCC57BCE}"
EndProject
Global
	GlobalSection(SolutionConfigurationPlatforms) = preSolution
		Debug|Any CPU = Debug|Any CPU
		Release|Any CPU = Release|Any CPU
	EndGlobalSection
	GlobalSection(ProjectConfigurationPlatforms) = postSolution
		{8AE35176-5CE9-4A88-A5CB-D0BECCC57BCE}.Debug|Any CPU.ActiveCfg = Debug|Any CPU
		{8AE35176-5CE9-4A88-A5CB-D0BECCC57BCE}.Debug|Any CPU.Build.0 = Debug|Any CPU
		{8AE35176-5CE9-4A88-A5CB-D0BECCC57BCE}.Release|Any CPU.ActiveCfg = Release|Any CPU
		{8AE35176-5CE9-4A88-A5CB-D0BECCC57BCE}.Release|Any CPU.Build.0 = Release|Any CPU
	EndGlobalSection
	GlobalSection(SolutionProperties) = preSolution
		HideSolutionNode = FALSE
	EndGlobalSection
	GlobalSection(ExtensibilityGlobals) = postSolution
		SolutionGuid = {A042B49B-C895-41EA-B8CF-B196ECD53857}
	EndGlobalSection
EndGlobal
